
Microsoft Visual Studio Solution File, Format Version 12.00
# Visual Studio Version 16
VisualStudioVersion = 16.0.29230.47
MinimumVisualStudioVersion = 10.0.40219.1
Project("{9A19103F-16F7-4668-BE54-9A1E7A4F7556}") = "DWP_API_task", "DWP_API_task\DWP_API_task.csproj", "{843B65F6-E8D3-4C3F-8B5B-13E2BDC56FDC}"
EndProject
Project("{9A19103F-16F7-4668-BE54-9A1E7A4F7556}") = "DwpApi_Tests", "DwpApi_Tests\DwpApi_Tests.csproj", "{C67FCE12-A674-4BA7-AD28-86B2BDEF845C}"
	ProjectSection(ProjectDependencies) = postProject
		{843B65F6-E8D3-4C3F-8B5B-13E2BDC56FDC} = {843B65F6-E8D3-4C3F-8B5B-13E2BDC56FDC}
	EndProjectSection
EndProject
Global
	GlobalSection(SolutionConfigurationPlatforms) = preSolution
		Debug|Any CPU = Debug|Any CPU
		Release|Any CPU = Release|Any CPU
	EndGlobalSection
	GlobalSection(ProjectConfigurationPlatforms) = postSolution
		{843B65F6-E8D3-4C3F-8B5B-13E2BDC56FDC}.Debug|Any CPU.ActiveCfg = Debug|Any CPU
		{843B65F6-E8D3-4C3F-8B5B-13E2BDC56FDC}.Debug|Any CPU.Build.0 = Debug|Any CPU
		{843B65F6-E8D3-4C3F-8B5B-13E2BDC56FDC}.Release|Any CPU.ActiveCfg = Release|Any CPU
		{843B65F6-E8D3-4C3F-8B5B-13E2BDC56FDC}.Release|Any CPU.Build.0 = Release|Any CPU
		{C67FCE12-A674-4BA7-AD28-86B2BDEF845C}.Debug|Any CPU.ActiveCfg = Debug|Any CPU
		{C67FCE12-A674-4BA7-AD28-86B2BDEF845C}.Debug|Any CPU.Build.0 = Debug|Any CPU
		{C67FCE12-A674-4BA7-AD28-86B2BDEF845C}.Release|Any CPU.ActiveCfg = Release|Any CPU
		{C67FCE12-A674-4BA7-AD28-86B2BDEF845C}.Release|Any CPU.Build.0 = Release|Any CPU
	EndGlobalSection
	GlobalSection(SolutionProperties) = preSolution
		HideSolutionNode = FALSE
	EndGlobalSection
	GlobalSection(ExtensibilityGlobals) = postSolution
		SolutionGuid = {C64BD78E-A261-4361-95ED-9D3978CBDBB6}
	EndGlobalSection
EndGlobal
